
Microsoft Visual Studio Solution File, Format Version 12.00
# Visual Studio Version 16
VisualStudioVersion = 16.0.31205.134
MinimumVisualStudioVersion = 10.0.40219.1
Project("{FAE04EC0-301F-11D3-BF4B-00C04F79EFBC}") = "estoque", "estoque\estoque.csproj", "{D8C34709-9BEB-48D7-A485-F93ECD7FD663}"
EndProject
Global
	GlobalSection(SolutionConfigurationPlatforms) = preSolution
		Debug|Any CPU = Debug|Any CPU
		Release|Any CPU = Release|Any CPU
	EndGlobalSection
	GlobalSection(ProjectConfigurationPlatforms) = postSolution
		{D8C34709-9BEB-48D7-A485-F93ECD7FD663}.Debug|Any CPU.ActiveCfg = Debug|Any CPU
		{D8C34709-9BEB-48D7-A485-F93ECD7FD663}.Debug|Any CPU.Build.0 = Debug|Any CPU
		{D8C34709-9BEB-48D7-A485-F93ECD7FD663}.Release|Any CPU.ActiveCfg = Release|Any CPU
		{D8C34709-9BEB-48D7-A485-F93ECD7FD663}.Release|Any CPU.Build.0 = Release|Any CPU
	EndGlobalSection
	GlobalSection(SolutionProperties) = preSolution
		HideSolutionNode = FALSE
	EndGlobalSection
	GlobalSection(ExtensibilityGlobals) = postSolution
		SolutionGuid = {AF176529-F1A5-437E-BD14-9BCFA18F82BC}
	EndGlobalSection
EndGlobal
