
Microsoft Visual Studio Solution File, Format Version 12.00
# Visual Studio Version 16
VisualStudioVersion = 16.0.31205.134
MinimumVisualStudioVersion = 10.0.40219.1
Project("{FAE04EC0-301F-11D3-BF4B-00C04F79EFBC}") = "vetorAltura", "vetorAltura.csproj", "{DE52D015-19D7-40CB-A9D2-37FC28DCD01E}"
EndProject
Global
	GlobalSection(SolutionConfigurationPlatforms) = preSolution
		Debug|Any CPU = Debug|Any CPU
		Release|Any CPU = Release|Any CPU
	EndGlobalSection
	GlobalSection(ProjectConfigurationPlatforms) = postSolution
		{DE52D015-19D7-40CB-A9D2-37FC28DCD01E}.Debug|Any CPU.ActiveCfg = Debug|Any CPU
		{DE52D015-19D7-40CB-A9D2-37FC28DCD01E}.Debug|Any CPU.Build.0 = Debug|Any CPU
		{DE52D015-19D7-40CB-A9D2-37FC28DCD01E}.Release|Any CPU.ActiveCfg = Release|Any CPU
		{DE52D015-19D7-40CB-A9D2-37FC28DCD01E}.Release|Any CPU.Build.0 = Release|Any CPU
	EndGlobalSection
	GlobalSection(SolutionProperties) = preSolution
		HideSolutionNode = FALSE
	EndGlobalSection
	GlobalSection(ExtensibilityGlobals) = postSolution
		SolutionGuid = {F41F25EF-A404-409D-9993-9574CDD756B4}
	EndGlobalSection
EndGlobal
